{
  "version": "5",
  "remote": {
    "https://edge.netlify.com/": "fd941d61d88673d5f28aab283fb86fcc50f08a3bc80ee5470498fcfa88c65cfb",
    "https://edge.netlify.com/bootstrap/config.ts": "6a2ce0e544e15e8f8883a5c18da5948e37fd0f2619f68cb31f3af53c51817025",
    "https://edge.netlify.com/bootstrap/context.ts": "e97240232121e2f369f6546ce961490f34d961ea1ea54be3ff09633e3f08373f",
    "https://edge.netlify.com/bootstrap/cookie.ts": "8b0baae708989ca183c6f3b4ab3d029e6abcbc2e43f93edeb0ff447b3bbc3a05",
    "https://edge.netlify.com/bootstrap/edge_function.ts": "b8253e86aa83c67341f5cfedeba5049d77fbf84dcab7eceff7566b7728ae9b39",
    "https://edge.netlify.com/bootstrap/globals/types.ts": "eaa6148ded3121d8dee62dd91c86e7fe76601df0f3ca8d7962243a30f4c8935f"
  },
  "workspace": {
    "packageJson": {
      "dependencies": [
        "npm:@chromatic-com/storybook@^4.1.3",
        "npm:@eslint/js@^9.39.2",
        "npm:@firebase/rules-unit-testing@5",
        "npm:@fontsource/inter@^5.2.8",
        "npm:@fontsource/outfit@^5.2.8",
        "npm:@google/genai@^1.31.0",
        "npm:@netlify/config@^24.4.2",
        "npm:@playwright/test@^1.57.0",
        "npm:@storybook/addon-a11y@^10.2.9",
        "npm:@storybook/addon-docs@^10.2.9",
        "npm:@storybook/addon-onboarding@^10.2.9",
        "npm:@storybook/addon-vitest@^10.2.9",
        "npm:@storybook/react-vite@^10.2.9",
        "npm:@tailwindcss/vite@^4.1.18",
        "npm:@tanstack/react-query@^5.90.12",
        "npm:@tanstack/react-virtual@^3.13.13",
        "npm:@testing-library/dom@^10.4.1",
        "npm:@testing-library/jest-dom@^6.9.1",
        "npm:@testing-library/react@^16.3.0",
        "npm:@testing-library/user-event@^14.6.1",
        "npm:@types/file-saver@^2.0.7",
        "npm:@types/jspdf@^1.3.3",
        "npm:@types/node@^22.14.0",
        "npm:@types/react-dom@^19.2.3",
        "npm:@types/react@^19.2.7",
        "npm:@vitejs/plugin-react@^5.1.2",
        "npm:@vitest/browser-playwright@^4.0.15",
        "npm:@vitest/coverage-v8@^4.0.15",
        "npm:autoprefixer@^10.4.23",
        "npm:clsx@^2.1.1",
        "npm:dexie@^4.2.1",
        "npm:docx@^9.5.1",
        "npm:docxtemplater@^3.67.6",
        "npm:eslint-plugin-boundaries@^6.0.2",
        "npm:eslint-plugin-react-hooks@^7.0.1",
        "npm:eslint-plugin-react@^7.37.5",
        "npm:eslint-plugin-storybook@^10.2.9",
        "npm:eslint@^9.39.2",
        "npm:exceljs@^4.4.0",
        "npm:fake-indexeddb@^6.2.5",
        "npm:file-saver@^2.0.5",
        "npm:firebase-functions@^7.2.5",
        "npm:firebase-tools@^15.15.0",
        "npm:firebase@^12.6.0",
        "npm:globals@17",
        "npm:googleapis@144",
        "npm:html2canvas@^1.4.1",
        "npm:husky@^9.1.7",
        "npm:jsdom@^27.3.0",
        "npm:jspdf-autotable@^5.0.2",
        "npm:jspdf@^4.2.1",
        "npm:lint-staged@^16.2.7",
        "npm:lucide-react@0.556",
        "npm:motion@^12.38.0",
        "npm:pdf-lib@^1.17.1",
        "npm:pdfjs-dist@5.5.207",
        "npm:pizzip@^3.2.0",
        "npm:playwright@^1.57.0",
        "npm:postcss@^8.5.6",
        "npm:prettier@^3.8.1",
        "npm:react-dom@^19.2.1",
        "npm:react-error-boundary@6",
        "npm:react-is@^19.2.3",
        "npm:react-use@^17.6.0",
        "npm:react@^19.2.1",
        "npm:recharts@^3.5.1",
        "npm:storybook@^10.2.9",
        "npm:tailwindcss@^4.1.18",
        "npm:ts-node@^1.7.1",
        "npm:typedoc@~0.28.15",
        "npm:typescript-eslint@^8.56.0",
        "npm:typescript@~5.8.2",
        "npm:vite-plugin-compression@~0.5.1",
        "npm:vite-plugin-pwa@^1.2.0",
        "npm:vite@^6.2.0",
        "npm:vitest@^4.0.15",
        "npm:workbox-expiration@^7.4.0",
        "npm:workbox-precaching@^7.4.0",
        "npm:workbox-routing@^7.4.0",
        "npm:workbox-strategies@^7.4.0",
        "npm:xlsx-populate@^1.21.0",
        "npm:zod@^3.25.76"
      ],
      "overrides": {
        "@xmldom/xmldom": "0.9.9",
        "dompurify": "3.4.0",
        "lodash": "4.18.1",
        "qs": "6.15.0",
        "@isaacs/brace-expansion": "5.0.1",
        "markdown-it": "14.1.1"
      }
    }
  }
}
